PODS:
  - Firebase (2.3.1)
  - JSQMessagesViewController (7.1.0):
    - JSQSystemSoundPlayer (~> 2.0.1)
  - JSQSystemSoundPlayer (2.0.1)

DEPENDENCIES:
  - Firebase (>= 2.3.1)
  - JSQMessagesViewController

SPEC CHECKSUMS:
  Firebase: 462795adf92029ddb97777660627f5dd4fd59876
  JSQMessagesViewController: ca11f86fa68ca70835f05e169df9244147c1dc40
  JSQSystemSoundPlayer: c5850e77a4363ffd374cd851154b9af93264ed8d

COCOAPODS: 0.37.2
